
Microsoft Visual Studio Solution File, Format Version 12.00
# Visual Studio Version 17
VisualStudioVersion = 17.9.34728.123
MinimumVisualStudioVersion = 10.0.40219.1
Project("{FAE04EC0-301F-11D3-BF4B-00C04F79EFBC}") = "Assesment", "Assesment\Assesment.csproj", "{30DB5449-3FA3-4569-9046-21903ACE52E0}"
EndProject
Global
	GlobalSection(SolutionConfigurationPlatforms) = preSolution
		Debug|Any CPU = Debug|Any CPU
		Release|Any CPU = Release|Any CPU
	EndGlobalSection
	GlobalSection(ProjectConfigurationPlatforms) = postSolution
		{30DB5449-3FA3-4569-9046-21903ACE52E0}.Debug|Any CPU.ActiveCfg = Debug|Any CPU
		{30DB5449-3FA3-4569-9046-21903ACE52E0}.Debug|Any CPU.Build.0 = Debug|Any CPU
		{30DB5449-3FA3-4569-9046-21903ACE52E0}.Release|Any CPU.ActiveCfg = Release|Any CPU
		{30DB5449-3FA3-4569-9046-21903ACE52E0}.Release|Any CPU.Build.0 = Release|Any CPU
	EndGlobalSection
	GlobalSection(SolutionProperties) = preSolution
		HideSolutionNode = FALSE
	EndGlobalSection
	GlobalSection(ExtensibilityGlobals) = postSolution
		SolutionGuid = {8A7D8D85-AF9C-43B5-AC89-A6108F735BC1}
	EndGlobalSection
EndGlobal
